
Microsoft Visual Studio Solution File, Format Version 12.00
# Visual Studio Version 17
VisualStudioVersion = 17.9.34728.123
MinimumVisualStudioVersion = 10.0.40219.1
Project("{9A19103F-16F7-4668-BE54-9A1E7A4F7556}") = "NuovaAPI", "NuovaAPI\NuovaAPI.csproj", "{138E4436-8036-475E-B219-17908AC5CC14}"
EndProject
Project("{9A19103F-16F7-4668-BE54-9A1E7A4F7556}") = "NuovaAPI.DataLayer", "NuovaAPI.DataLayer\NuovaAPI.DataLayer.csproj", "{FC7DC3D3-D8E8-4C33-950B-03266AB1A185}"
EndProject
Project("{FAE04EC0-301F-11D3-BF4B-00C04F79EFBC}") = "NuovaAPI.Commons", "NuovaAPI.Commons\NuovaAPI.Commons.csproj", "{04E43D0F-EB94-4C75-BB9D-9D0FD077D655}"
EndProject
Global
	GlobalSection(SolutionConfigurationPlatforms) = preSolution
		Debug|Any CPU = Debug|Any CPU
		Release|Any CPU = Release|Any CPU
	EndGlobalSection
	GlobalSection(ProjectConfigurationPlatforms) = postSolution
		{138E4436-8036-475E-B219-17908AC5CC14}.Debug|Any CPU.ActiveCfg = Debug|Any CPU
		{138E4436-8036-475E-B219-17908AC5CC14}.Debug|Any CPU.Build.0 = Debug|Any CPU
		{138E4436-8036-475E-B219-17908AC5CC14}.Release|Any CPU.ActiveCfg = Release|Any CPU
		{138E4436-8036-475E-B219-17908AC5CC14}.Release|Any CPU.Build.0 = Release|Any CPU
		{FC7DC3D3-D8E8-4C33-950B-03266AB1A185}.Debug|Any CPU.ActiveCfg = Debug|Any CPU
		{FC7DC3D3-D8E8-4C33-950B-03266AB1A185}.Debug|Any CPU.Build.0 = Debug|Any CPU
		{FC7DC3D3-D8E8-4C33-950B-03266AB1A185}.Release|Any CPU.ActiveCfg = Release|Any CPU
		{FC7DC3D3-D8E8-4C33-950B-03266AB1A185}.Release|Any CPU.Build.0 = Release|Any CPU
		{04E43D0F-EB94-4C75-BB9D-9D0FD077D655}.Debug|Any CPU.ActiveCfg = Debug|Any CPU
		{04E43D0F-EB94-4C75-BB9D-9D0FD077D655}.Debug|Any CPU.Build.0 = Debug|Any CPU
		{04E43D0F-EB94-4C75-BB9D-9D0FD077D655}.Release|Any CPU.ActiveCfg = Release|Any CPU
		{04E43D0F-EB94-4C75-BB9D-9D0FD077D655}.Release|Any CPU.Build.0 = Release|Any CPU
	EndGlobalSection
	GlobalSection(SolutionProperties) = preSolution
		HideSolutionNode = FALSE
	EndGlobalSection
	GlobalSection(ExtensibilityGlobals) = postSolution
		SolutionGuid = {0DEC0547-2252-4074-871D-AB0BFE856371}
	EndGlobalSection
EndGlobal
